lockfileVersion: '9.0'

settings:
  autoInstallPeers: false
  excludeLinksFromLockfile: false

patchedDependencies:
  '@deepseek-ai/cordis-plugin-hmr@1.0.16':
    hash: ec800d86298faacc86c7717ffa1dce7c28116ab1393b8abc198be6ac02c38489
    path: patches/hmr@1.0.16.patch

importers:

  .:
    dependencies:
      '@deepseek-ai/cordis':
        specifier: 4.0.1
        version: 4.0.1(@deepseek-ai/cordis-plugin-include@1.0.6)(@deepseek-ai/cordis-plugin-loader@1.0.2)
      '@deepseek-ai/cordis-plugin-hmr':
        specifier: 1.0.16
        version: 1.0.16(patch_hash=ec800d86298faacc86c7717ffa1dce7c28116ab1393b8abc198be6ac02c38489)(@deepseek-ai/cordis-plugin-timer@1.1.3(@deepseek-ai/cordis@4.0.1))(@deepseek-ai/cordis@4.0.1)
      '@deepseek-ai/cordis-plugin-include':
        specifier: 1.0.6
        version: 1.0.6(@deepseek-ai/cordis-plugin-loader@1.0.2)(@deepseek-ai/cordis@4.0.1)
      '@deepseek-ai/cordis-plugin-loader':
        specifier: 1.0.2
        version: 1.0.2(@deepseek-ai/cordis@4.0.1)
      '@deepseek-ai/cordis-plugin-timer':
        specifier: 1.1.3
        version: 1.1.3(@deepseek-ai/cordis@4.0.1)
      '@modelcontextprotocol/server':
        specifier: 2.0.0
        version: 2.0.0
      ajv:
        specifier: 8.20.0
        version: 8.20.0
      js-yaml:
        specifier: 4.3.2
        version: 4.3.2
      zod:
        specifier: 4.5.4
        version: 4.5.4
    devDependencies:
      '@modelcontextprotocol/client':
        specifier: 2.0.0
        version: 2.0.0

packages:

  '@babel/code-frame@7.29.7':
    resolution: {integrity: sha512-Aup7aUOfpbAUg2ROOJN6Iw5f9DMBlzu0mIkm/malLQFN/YQgO48wCj0Kxa3sEHJvPVFg7siR+qRInwXd2qhQKw==}
    engines: {node: '>=6.9.0'}

  '@babel/helper-validator-identifier@7.29.7':
    resolution: {integrity: sha512-qehxGkRj55h/ff8EMaJ+cYhyaKlHIxqYDn682wQD7RNp9UujOQsHog2uS0r2vzr4pW+sXf90NeeayjcNaX3fFg==}
    engines: {node: '>=6.9.0'}

  '@deepseek-ai/cordis-plugin-hmr@1.0.16':
    resolution: {integrity: sha512-S7VHfylDg1+Y5O6fdYYZu0KFRAj/snHywcFPnX3KmQYa/qv2Q8IXi4zAt9ABq0BJYqhNoqRlbpGMfIjabgXjKA==}
    peerDependencies:
      '@deepseek-ai/cordis': ^4.0.1
      '@deepseek-ai/cordis-plugin-timer': ^1.1.3

  '@deepseek-ai/cordis-plugin-include@1.0.6':
    resolution: {integrity: sha512-i1VXrZCbv6tk/iUgedCNjrxxArbWT3IvRZGB5sdqJ3ectnihivXXQbRZ8JJ73DSmAPvlMGmrbtjFAfm10yvXRg==}
    peerDependencies:
      '@deepseek-ai/cordis': ^4.0.1
      '@deepseek-ai/cordis-plugin-loader': ^1.0.2

  '@deepseek-ai/cordis-plugin-loader@1.0.2':
    resolution: {integrity: sha512-RIW9hoVyhYDWdCI9BsvtZccPde1ECLC4OAxupwowGTak78vwVTVdb3HezTSOK1Y1/Ax3Ru0LA1pYOB04CnTxIQ==}
    peerDependencies:
      '@deepseek-ai/cordis': ^4.0.1
      node-addon-require-builtin: ^0.1.4
    peerDependenciesMeta:
      node-addon-require-builtin:
        optional: true

  '@deepseek-ai/cordis-plugin-timer@1.1.3':
    resolution: {integrity: sha512-IOkey1VNmJwYa5U8bksyMOnM7mtirqjjbWLr3xA8QybLMK0sMooG3a6iJwtvd8P3MFwo3FQibEg+JPixp37MEw==}
    peerDependencies:
      '@deepseek-ai/cordis': ^4.0.1

  '@deepseek-ai/cordis@4.0.1':
    resolution: {integrity: sha512-YBdskTU2Po1kru3GgcUWUbkTsPMA9LkSQDAY8rBkFJeajdgcQad3QPJZE26JyK99Xb6HaASvoXg2DSUTeN/0Nw==}
    hasBin: true
    peerDependencies:
      '@deepseek-ai/cordis-plugin-include': ^1.0.6
      '@deepseek-ai/cordis-plugin-loader': ^1.0.2
    peerDependenciesMeta:
      '@deepseek-ai/cordis-plugin-include':
        optional: true
      '@deepseek-ai/cordis-plugin-loader':
        optional: true

  '@deepseek-ai/cosmokit@1.8.2':
    resolution: {integrity: sha512-muBOKtSrUKU5m/xpq8ZXWL6hQ/jgd4PhU2PqH97bcxIiLEJfNwZOGQEx4t/aS/GgxRAR+ra9pMHPMtTHU4sqqA==}

  '@deepseek-ai/schemastery@3.18.1':
    resolution: {integrity: sha512-Qn0FCSwCQnpnj6SB31I6i2sIKgKWnkbJM8O0EU91Gv2UsYVvtZTl6IA0sCwk2e2MZf5S8w5hpq9QkeVvK9qwxg==}

  '@modelcontextprotocol/client@2.0.0':
    resolution: {integrity: sha512-8f1OghQ2rjzIOfqgUCP+8GiUWqRs89njoWLNqAe8kWmDePv3s1fZXseej+QXemssEuuOvLLmLO/kqM3IQHtISw==}
    engines: {node: '>=20'}

  '@modelcontextprotocol/core@2.0.0':
    resolution: {integrity: sha512-pJCEwGG7Lfr/+PQp9ZTwKXNeO5wzbfKL7H3MYpCorM4oFBoQrdjnBgEoqG+RjhsvS1FKrDbKux+M1HhlnGWqcA==}
    engines: {node: '>=20'}

  '@modelcontextprotocol/server@2.0.0':
    resolution: {integrity: sha512-YhHWdHfpFMQfd0prsEnxKeS3Qz3ytIGmsS0sth4KDjnacIT7hxk6hXHkJ9KysxlkvTM+WZAtQbbcUhdoP4Hvtw==}
    engines: {node: '>=20'}

  '@standard-schema/spec@1.1.0':
    resolution: {integrity: sha512-l2aFy5jALhniG5HgqrD6jXLi/rUWrKvqN/qJx6yoJsgKhblVd+iqqU4RCXavm/jPityDo5TCvKMnpjKnOriy0w==}

  ajv@8.20.0:
    resolution: {integrity: sha512-Thbli+OlOj+iMPYFBVBfJ3OmCAnaSyNn4M1vz9T6Gka5Jt9ba/HIR56joy65tY6kx/FCF5VXNB819Y7/GUrBGA==}

  argparse@2.0.1:
    resolution: {integrity: sha512-8+9WqebbFzpX9OR+Wa6O29asIogeRMzcGtAINdpMHHyAg10f05aSFVBbcEqGf/PXw1EjAZ+q2/bEBg3DvurK3Q==}

  chokidar@4.0.3:
    resolution: {integrity: sha512-Qgzu8kfBvo+cA4962jnP1KkS6Dop5NS6g7R5LFYJr4b8Ub94PPQXUksCw9PvXoeXPRRddRNC5C1JQUR2SMGtnA==}
    engines: {node: '>= 14.16.0'}

  cross-spawn@7.0.6:
    resolution: {integrity: sha512-uV2QOWP2nWzsy2aMp8aRibhi9dlzF5Hgh5SHaB9OiTGEyDTiJJyx0uy51QXdyWbtAHNua4XJzUKca3OzKUd3vA==}
    engines: {node: '>= 8'}

  eventsource-parser@3.1.1:
    resolution: {integrity: sha512-EKN1vKAMcZ8MlYMpaNuxN6R9yakzH6uajHcHVTqWJzvu5pWw9DyhbP35HH8MVBQ+dZjAfDxk+A8NiR9KWaXiyQ==}
    engines: {node: '>=18.0.0'}

  eventsource@3.0.7:
    resolution: {integrity: sha512-CRT1WTyuQoD771GW56XEZFQ/ZoSfWid1alKGDYMmkt2yl8UXrVR4pspqWNEcqKvVIzg6PAltWjxcSSPrboA4iA==}
    engines: {node: '>=18.0.0'}

  fast-deep-equal@3.1.3:
    resolution: {integrity: sha512-f3qQ9oQy9j2AhBe/H9VC91wLmKBCCU/gDOnKNAYG5hswO7BLKj09Hc5HYNz9cGI++xlpDCIgDaitVs03ATR84Q==}

  fast-uri@3.1.6:
    resolution: {integrity: sha512-7Ical1vFEMr0onbVzEDIreM22I4khW+fzyQPwvAFWBp1iwdshSZRsL4jjRvPG9JP1uiqMHRto+YU6R2/CzDz5Q==}

  isexe@2.0.0:
    resolution: {integrity: sha512-RHxMLp9lnKHGHRng9QFhRCMbYAcVpn69smSGcq3f36xjgVVWThj4qqLbTLlq7Ssj8B+fIQ1EuCEGI2lKsyQeIw==}

  jose@6.2.10:
    resolution: {integrity: sha512-iiW7J9qRFlGxvCOIBDBDxFePQSn7ZMAnrYGhrrOo6siO/MIqwfyilLR27pkfDgUk+raLuzADS8A3S/KLBisc0g==}

  js-tokens@4.0.0:
    resolution: {integrity: sha512-RdJUflcE3cUzKiMqQgsCu06FPu9UdIJO0beYbPhHN4k6apgJtifcoCtT9bcxOpYBtpD2kCM6Sbzg4CausW/PKQ==}

  js-yaml@4.3.2:
    resolution: {integrity: sha512-SFNOvSJ+Dgf/9An904Yx+CgSlIPCkIpao4qo51lpee25TIRejdH3rhR4EZMGoNx3/TP3O+wzWuiTFl4sqbltzA==}
    hasBin: true

  json-schema-traverse@1.0.0:
    resolution: {integrity: sha512-NM8/P9n3XjXhIZn1lLhkFaACTOURQXjWhV4BA/RnOv8xvgqtqpAX9IO4mRQxSx1Rlo4tqzeqb0sOlruaOy3dug==}

  path-key@3.1.1:
    resolution: {integrity: sha512-ojmeN0qd+y0jszEtoY48r0Peq5dwMEkIlCOu6Q5f41lfkswXuKtYrhgoTpLnyIcHm24Uhqx+5Tqm2InSwLhE6Q==}
    engines: {node: '>=8'}

  picocolors@1.1.1:
    resolution: {integrity: sha512-xceH2snhtb5M9liqDsmEw56le376mTZkEX/jEb/RxNFyegNul7eNslCXP9FDj/Lcu0X8KEyMceP2ntpaHrDEVA==}

  picomatch@4.0.7:
    resolution: {integrity: sha512-qcJu88Q2IWqJsDD529JKMdwGm/dvInW4HvQnRwiH9JtihJvzGOscDtHE3x1pBKeUOTysQ8kVmLnJ2kJu7yhcGA==}
    engines: {node: '>=12'}

  pkce-challenge@5.0.1:
    resolution: {integrity: sha512-wQ0b/W4Fr01qtpHlqSqspcj3EhBvimsdh0KlHhH8HRZnMsEa0ea2fTULOXOS9ccQr3om+GcGRk4e+isrZWV8qQ==}
    engines: {node: '>=16.20.0'}

  readdirp@4.1.2:
    resolution: {integrity: sha512-GDhwkLfywWL2s6vEjyhri+eXmfH6j1L7JE27WhqLeYzoh/A3DBaYGEj2H/HFZCn/kMfim73FXxEJTw06WtxQwg==}
    engines: {node: '>= 14.18.0'}

  require-from-string@2.0.2:
    resolution: {integrity: sha512-Xf0nWe6RseziFMu+Ap9biiUbmplq6S9/p+7w7YXP/JBHhrUDDUhwa+vANyubuqfZWTveU//DYVGsDG7RKL/vEw==}
    engines: {node: '>=0.10.0'}

  shebang-command@2.0.0:
    resolution: {integrity: sha512-kHxr2zZpYtdmrN1qDjrrX/Z1rR1kG8Dx+gkpK1G4eXmvXswmcE1hTWBWYUzlraYw1/yZp6YuDY77YtvbN0dmDA==}
    engines: {node: '>=8'}

  shebang-regex@3.0.0:
    resolution: {integrity: sha512-7++dFhtcx3353uBaq8DDR4NuxBetBzC7ZQOhmTQInHEd6bSrXdiEyzCvG07Z44UYdLShWUyXt5M/yhz8ekcb1A==}
    engines: {node: '>=8'}

  which@2.0.2:
    resolution: {integrity: sha512-BLI3Tl1TW3Pvl70l3yq3Y64i+awpwXqsGBYWkkqMtnbXgrMD+yj7rhW0kuEDxzJaYXGjEW5ogapKNMEKNMjibA==}
    engines: {node: '>= 8'}
    hasBin: true

  zod@4.5.4:
    resolution: {integrity: sha512-sC95tT5iHHH9gtpj6A81kh+NEaRAUFN+qlUPDUbRfOMvNf5QCBqsb3WgvnpVtK5Y+4UfA6KqufotuTvMGiTlsA==}

snapshots:

  '@babel/code-frame@7.29.7':
    dependencies:
      '@babel/helper-validator-identifier': 7.29.7
      js-tokens: 4.0.0
      picocolors: 1.1.1

  '@babel/helper-validator-identifier@7.29.7': {}

  '@deepseek-ai/cordis-plugin-hmr@1.0.16(patch_hash=ec800d86298faacc86c7717ffa1dce7c28116ab1393b8abc198be6ac02c38489)(@deepseek-ai/cordis-plugin-timer@1.1.3(@deepseek-ai/cordis@4.0.1))(@deepseek-ai/cordis@4.0.1)':
    dependencies:
      '@babel/code-frame': 7.29.7
      '@deepseek-ai/cordis': 4.0.1(@deepseek-ai/cordis-plugin-include@1.0.6)(@deepseek-ai/cordis-plugin-loader@1.0.2)
      '@deepseek-ai/cordis-plugin-timer': 1.1.3(@deepseek-ai/cordis@4.0.1)
      '@deepseek-ai/cosmokit': 1.8.2
      '@deepseek-ai/schemastery': 3.18.1
      chokidar: 4.0.3
      picomatch: 4.0.7

  '@deepseek-ai/cordis-plugin-include@1.0.6(@deepseek-ai/cordis-plugin-loader@1.0.2)(@deepseek-ai/cordis@4.0.1)':
    dependencies:
      '@deepseek-ai/cordis': 4.0.1(@deepseek-ai/cordis-plugin-include@1.0.6)(@deepseek-ai/cordis-plugin-loader@1.0.2)
      '@deepseek-ai/cordis-plugin-loader': 1.0.2(@deepseek-ai/cordis@4.0.1)
      '@deepseek-ai/cosmokit': 1.8.2
      js-yaml: 4.3.2

  '@deepseek-ai/cordis-plugin-loader@1.0.2(@deepseek-ai/cordis@4.0.1)':
    dependencies:
      '@deepseek-ai/cordis': 4.0.1(@deepseek-ai/cordis-plugin-include@1.0.6)(@deepseek-ai/cordis-plugin-loader@1.0.2)
      '@deepseek-ai/cosmokit': 1.8.2

  '@deepseek-ai/cordis-plugin-timer@1.1.3(@deepseek-ai/cordis@4.0.1)':
    dependencies:
      '@deepseek-ai/cordis': 4.0.1(@deepseek-ai/cordis-plugin-include@1.0.6)(@deepseek-ai/cordis-plugin-loader@1.0.2)
      '@deepseek-ai/cosmokit': 1.8.2

  '@deepseek-ai/cordis@4.0.1(@deepseek-ai/cordis-plugin-include@1.0.6)(@deepseek-ai/cordis-plugin-loader@1.0.2)':
    dependencies:
      '@deepseek-ai/cosmokit': 1.8.2
      '@standard-schema/spec': 1.1.0
    optionalDependencies:
      '@deepseek-ai/cordis-plugin-include': 1.0.6(@deepseek-ai/cordis-plugin-loader@1.0.2)(@deepseek-ai/cordis@4.0.1)
      '@deepseek-ai/cordis-plugin-loader': 1.0.2(@deepseek-ai/cordis@4.0.1)

  '@deepseek-ai/cosmokit@1.8.2': {}

  '@deepseek-ai/schemastery@3.18.1':
    dependencies:
      '@deepseek-ai/cosmokit': 1.8.2
      '@standard-schema/spec': 1.1.0

  '@modelcontextprotocol/client@2.0.0':
    dependencies:
      '@modelcontextprotocol/core': 2.0.0
      cross-spawn: 7.0.6
      eventsource: 3.0.7
      eventsource-parser: 3.1.1
      jose: 6.2.10
      pkce-challenge: 5.0.1
      zod: 4.5.4

  '@modelcontextprotocol/core@2.0.0':
    dependencies:
      zod: 4.5.4

  '@modelcontextprotocol/server@2.0.0':
    dependencies:
      '@modelcontextprotocol/core': 2.0.0
      zod: 4.5.4

  '@standard-schema/spec@1.1.0': {}

  ajv@8.20.0:
    dependencies:
      fast-deep-equal: 3.1.3
      fast-uri: 3.1.6
      json-schema-traverse: 1.0.0
      require-from-string: 2.0.2

  argparse@2.0.1: {}

  chokidar@4.0.3:
    dependencies:
      readdirp: 4.1.2

  cross-spawn@7.0.6:
    dependencies:
      path-key: 3.1.1
      shebang-command: 2.0.0
      which: 2.0.2

  eventsource-parser@3.1.1: {}

  eventsource@3.0.7:
    dependencies:
      eventsource-parser: 3.1.1

  fast-deep-equal@3.1.3: {}

  fast-uri@3.1.6: {}

  isexe@2.0.0: {}

  jose@6.2.10: {}

  js-tokens@4.0.0: {}

  js-yaml@4.3.2:
    dependencies:
      argparse: 2.0.1

  json-schema-traverse@1.0.0: {}

  path-key@3.1.1: {}

  picocolors@1.1.1: {}

  picomatch@4.0.7: {}

  pkce-challenge@5.0.1: {}

  readdirp@4.1.2: {}

  require-from-string@2.0.2: {}

  shebang-command@2.0.0:
    dependencies:
      shebang-regex: 3.0.0

  shebang-regex@3.0.0: {}

  which@2.0.2:
    dependencies:
      isexe: 2.0.0

  zod@4.5.4: {}
